
Microsoft Visual Studio Solution File, Format Version 12.00
# Visual Studio 15
VisualStudioVersion = 15.0.27703.2047
MinimumVisualStudioVersion = 10.0.40219.1
Project("{FAE04EC0-301F-11D3-BF4B-00C04F79EFBC}") = "LMSLibrary", "LMSLibrary\LMSLibrary.csproj", "{8AA034A4-7F72-493E-8CAC-29662E4EE83D}"
EndProject
Project("{FAE04EC0-301F-11D3-BF4B-00C04F79EFBC}") = "LMS", "LMS\LMS.csproj", "{3941FA96-BFF5-410D-8173-259D98DD843B}"
EndProject
Global
	GlobalSection(SolutionConfigurationPlatforms) = preSolution
		Debug|Any CPU = Debug|Any CPU
		Release|Any CPU = Release|Any CPU
	EndGlobalSection
	GlobalSection(ProjectConfigurationPlatforms) = postSolution
		{8AA034A4-7F72-493E-8CAC-29662E4EE83D}.Debug|Any CPU.ActiveCfg = Debug|Any CPU
		{8AA034A4-7F72-493E-8CAC-29662E4EE83D}.Debug|Any CPU.Build.0 = Debug|Any CPU
		{8AA034A4-7F72-493E-8CAC-29662E4EE83D}.Release|Any CPU.ActiveCfg = Release|Any CPU
		{8AA034A4-7F72-493E-8CAC-29662E4EE83D}.Release|Any CPU.Build.0 = Release|Any CPU
		{3941FA96-BFF5-410D-8173-259D98DD843B}.Debug|Any CPU.ActiveCfg = Debug|Any CPU
		{3941FA96-BFF5-410D-8173-259D98DD843B}.Debug|Any CPU.Build.0 = Debug|Any CPU
		{3941FA96-BFF5-410D-8173-259D98DD843B}.Release|Any CPU.ActiveCfg = Release|Any CPU
		{3941FA96-BFF5-410D-8173-259D98DD843B}.Release|Any CPU.Build.0 = Release|Any CPU
	EndGlobalSection
	GlobalSection(SolutionProperties) = preSolution
		HideSolutionNode = FALSE
	EndGlobalSection
	GlobalSection(ExtensibilityGlobals) = postSolution
		SolutionGuid = {1A9EE1D3-D753-42BE-867F-7E4A98B2CDC4}
	EndGlobalSection
EndGlobal
